
Microsoft Visual Studio Solution File, Format Version 12.00
# Visual Studio Version 16
VisualStudioVersion = 16.0.30406.217
MinimumVisualStudioVersion = 15.0.26124.0
Project("{9A19103F-16F7-4668-BE54-9A1E7A4F7556}") = "BomTool.NetCore", "BomTool.NetCore\BomTool.NetCore.csproj", "{EF81EE21-F4AB-42B8-92E6-69676A67F53A}"
EndProject
Project("{9A19103F-16F7-4668-BE54-9A1E7A4F7556}") = "Noone.UI", "Noone.UI\Noone.UI.csproj", "{23EAFF25-A76C-4C06-B827-316786F90C91}"
EndProject
Global
	GlobalSection(SolutionConfigurationPlatforms) = preSolution
		Debug|Any CPU = Debug|Any CPU
		Debug|x64 = Debug|x64
		Debug|x86 = Debug|x86
		Release|Any CPU = Release|Any CPU
		Release|x64 = Release|x64
		Release|x86 = Release|x86
	EndGlobalSection
	GlobalSection(ProjectConfigurationPlatforms) = postSolution
		{EF81EE21-F4AB-42B8-92E6-69676A67F53A}.Debug|Any CPU.ActiveCfg = Debug|Any CPU
		{EF81EE21-F4AB-42B8-92E6-69676A67F53A}.Debug|Any CPU.Build.0 = Debug|Any CPU
		{EF81EE21-F4AB-42B8-92E6-69676A67F53A}.Debug|x64.ActiveCfg = Debug|Any CPU
		{EF81EE21-F4AB-42B8-92E6-69676A67F53A}.Debug|x64.Build.0 = Debug|Any CPU
		{EF81EE21-F4AB-42B8-92E6-69676A67F53A}.Debug|x86.ActiveCfg = Debug|Any CPU
		{EF81EE21-F4AB-42B8-92E6-69676A67F53A}.Debug|x86.Build.0 = Debug|Any CPU
		{EF81EE21-F4AB-42B8-92E6-69676A67F53A}.Release|Any CPU.ActiveCfg = Release|Any CPU
		{EF81EE21-F4AB-42B8-92E6-69676A67F53A}.Release|Any CPU.Build.0 = Release|Any CPU
		{EF81EE21-F4AB-42B8-92E6-69676A67F53A}.Release|x64.ActiveCfg = Release|Any CPU
		{EF81EE21-F4AB-42B8-92E6-69676A67F53A}.Release|x64.Build.0 = Release|Any CPU
		{EF81EE21-F4AB-42B8-92E6-69676A67F53A}.Release|x86.ActiveCfg = Release|Any CPU
		{EF81EE21-F4AB-42B8-92E6-69676A67F53A}.Release|x86.Build.0 = Release|Any CPU
		{23EAFF25-A76C-4C06-B827-316786F90C91}.Debug|Any CPU.ActiveCfg = Debug|Any CPU
		{23EAFF25-A76C-4C06-B827-316786F90C91}.Debug|Any CPU.Build.0 = Debug|Any CPU
		{23EAFF25-A76C-4C06-B827-316786F90C91}.Debug|x64.ActiveCfg = Debug|Any CPU
		{23EAFF25-A76C-4C06-B827-316786F90C91}.Debug|x64.Build.0 = Debug|Any CPU
		{23EAFF25-A76C-4C06-B827-316786F90C91}.Debug|x86.ActiveCfg = Debug|Any CPU
		{23EAFF25-A76C-4C06-B827-316786F90C91}.Debug|x86.Build.0 = Debug|Any CPU
		{23EAFF25-A76C-4C06-B827-316786F90C91}.Release|Any CPU.ActiveCfg = Release|Any CPU
		{23EAFF25-A76C-4C06-B827-316786F90C91}.Release|Any CPU.Build.0 = Release|Any CPU
		{23EAFF25-A76C-4C06-B827-316786F90C91}.Release|x64.ActiveCfg = Release|Any CPU
		{23EAFF25-A76C-4C06-B827-316786F90C91}.Release|x64.Build.0 = Release|Any CPU
		{23EAFF25-A76C-4C06-B827-316786F90C91}.Release|x86.ActiveCfg = Release|Any CPU
		{23EAFF25-A76C-4C06-B827-316786F90C91}.Release|x86.Build.0 = Release|Any CPU
	EndGlobalSection
	GlobalSection(SolutionProperties) = preSolution
		HideSolutionNode = FALSE
	EndGlobalSection
	GlobalSection(ExtensibilityGlobals) = postSolution
		SolutionGuid = {2013EBD7-E136-4211-A1C8-55D459143183}
	EndGlobalSection
EndGlobal
